<?xml version="1.0" encoding="utf-8"?>
<Project ToolsVersion="4.0" xmlns="http://schemas.microsoft.com/developer/msbuild/2003">
  <ItemGroup>
    <Filter Include="Resource Files">
      <UniqueIdentifier>{67DA6AB6-F800-4c08-8B7A-83BB121AAD01}</UniqueIdentifier>
      <Extensions>rc;ico;cur;bmp;dlg;rc2;rct;bin;rgs;gif;jpg;jpeg;jpe;resx;tiff;tif;png;wav;mfcribbon-ms</Extensions>
    </Filter>
    <Filter Include="Components">
      <UniqueIdentifier>{0a6e7774-938f-45ed-b9ec-c640e3886804}</UniqueIdentifier>
    </Filter>
    <Filter Include="GameObjects">
      <UniqueIdentifier>{3173c671-1b65-4244-b0d5-8c2b21ba7db6}</UniqueIdentifier>
    </Filter>
    <Filter Include="Helpers">
      <UniqueIdentifier>{a06867ba-d3ca-4109-ac6c-0d01600d6d62}</UniqueIdentifier>
    </Filter>
    <Filter Include="Managers and Singletons">
      <UniqueIdentifier>{7206b905-7c3b-41af-8892-513bce449c70}</UniqueIdentifier>
    </Filter>
    <Filter Include="Minigin">
      <UniqueIdentifier>{55ee805e-adb1-4ff8-a579-11de7529446e}</UniqueIdentifier>
    </Filter>
  </ItemGroup>
  <ItemGroup>
    <ClInclude Include="Component.h">
      <Filter>Components</Filter>
    </ClInclude>
    <ClInclude Include="GameObject.h">
      <Filter>GameObjects</Filter>
    </ClInclude>
    <ClInclude Include="RenderComponent.h">
      <Filter>Components</Filter>
    </ClInclude>
    <ClInclude Include="TextObject.h">
      <Filter>GameObjects</Filter>
    </ClInclude>
    <ClInclude Include="InputManager.h">
      <Filter>Managers and Singletons</Filter>
    </ClInclude>
    <ClInclude Include="ResourceManager.h">
      <Filter>Managers and Singletons</Filter>
    </ClInclude>
    <ClInclude Include="SceneManager.h">
      <Filter>Managers and Singletons</Filter>
    </ClInclude>
    <ClInclude Include="Font.h">
      <Filter>Helpers</Filter>
    </ClInclude>
    <ClInclude Include="Texture2D.h">
      <Filter>Helpers</Filter>
    </ClInclude>
    <ClInclude Include="Scene.h">
      <Filter>Helpers</Filter>
    </ClInclude>
    <ClInclude Include="Transform.h">
      <Filter>Helpers</Filter>
    </ClInclude>
    <ClInclude Include="Renderer.h">
      <Filter>Managers and Singletons</Filter>
    </ClInclude>
    <ClInclude Include="Singleton.h">
      <Filter>Managers and Singletons</Filter>
    </ClInclude>
    <ClInclude Include="TextComponent.h">
      <Filter>Components</Filter>
    </ClInclude>
    <ClInclude Include="Minigin.h">
      <Filter>Minigin</Filter>
    </ClInclude>
    <ClInclude Include="MiniginPCH.h">
      <Filter>Minigin</Filter>
    </ClInclude>
    <ClInclude Include="Time.h">
      <Filter>Managers and Singletons</Filter>
    </ClInclude>
    <ClInclude Include="FpsComponent.h">
      <Filter>Components</Filter>
    </ClInclude>
  </ItemGroup>
  <ItemGroup>
    <ClCompile Include="GameObject.cpp">
      <Filter>GameObjects</Filter>
    </ClCompile>
    <ClCompile Include="RenderComponent.cpp">
      <Filter>Components</Filter>
    </ClCompile>
    <ClCompile Include="TextObject.cpp">
      <Filter>GameObjects</Filter>
    </ClCompile>
    <ClCompile Include="InputManager.cpp">
      <Filter>Managers and Singletons</Filter>
    </ClCompile>
    <ClCompile Include="ResourceManager.cpp">
      <Filter>Managers and Singletons</Filter>
    </ClCompile>
    <ClCompile Include="SceneManager.cpp">
      <Filter>Managers and Singletons</Filter>
    </ClCompile>
    <ClCompile Include="Font.cpp">
      <Filter>Helpers</Filter>
    </ClCompile>
    <ClCompile Include="Texture2D.cpp">
      <Filter>Helpers</Filter>
    </ClCompile>
    <ClCompile Include="Scene.cpp">
      <Filter>Helpers</Filter>
    </ClCompile>
    <ClCompile Include="Transform.cpp">
      <Filter>Helpers</Filter>
    </ClCompile>
    <ClCompile Include="Renderer.cpp">
      <Filter>Managers and Singletons</Filter>
    </ClCompile>
    <ClCompile Include="TextComponent.cpp">
      <Filter>Components</Filter>
    </ClCompile>
    <ClCompile Include="Main.cpp">
      <Filter>Minigin</Filter>
    </ClCompile>
    <ClCompile Include="Minigin.cpp">
      <Filter>Minigin</Filter>
    </ClCompile>
    <ClCompile Include="MiniginPCH.cpp">
      <Filter>Minigin</Filter>
    </ClCompile>
    <ClCompile Include="Time.cpp">
      <Filter>Managers and Singletons</Filter>
    </ClCompile>
    <ClCompile Include="FpsComponent.cpp">
      <Filter>Components</Filter>
    </ClCompile>
  </ItemGroup>
</Project>